// !$*UTF8*$!
{
	archiveVersion = 1;
	classes = {
	};
	objectVersion = 46;
	objects = {

/* Begin PBXBuildFile section */
		AB3D424C1941F81200E22770 /* Foundation.framework in Frameworks */ = {isa = PBXBuildFile; fileRef = AB3D424B1941F81200E22770 /* Foundation.framework */; };
		AB3D424E1941F81200E22770 /* CoreGraphics.framework in Frameworks */ = {isa = PBXBuildFile; fileRef = AB3D424D1941F81200E22770 /* CoreGraphics.framework */; };
		AB3D42501941F81200E22770 /* UIKit.framework in Frameworks */ = {isa = PBXBuildFile; fileRef = AB3D424F1941F81200E22770 /* UIKit.framework */; };
		AB3D42561941F81200E22770 /* InfoPlist.strings in Resources */ = {isa = PBXBuildFile; fileRef = AB3D42541941F81200E22770 /* InfoPlist.strings */; };
		AB3D42581941F81200E22770 /* main.m in Sources */ = {isa = PBXBuildFile; fileRef = AB3D42571941F81200E22770 /* main.m */; };
		AB3D425C1941F81200E22770 /* VJMBFAppDelegate.m in Sources */ = {isa = PBXBuildFile; fileRef = AB3D425B1941F81200E22770 /* VJMBFAppDelegate.m */; };
		AB3D425F1941F81200E22770 /* Main.storyboard in Resources */ = {isa = PBXBuildFile; fileRef = AB3D425D1941F81200E22770 /* Main.storyboard */; };
		AB3D42621941F81200E22770 /* VJMBFViewController.m in Sources */ = {isa = PBXBuildFile; fileRef = AB3D42611941F81200E22770 /* VJMBFViewController.m */; };
		AB3D42641941F81200E22770 /* Images.xcassets in Resources */ = {isa = PBXBuildFile; fileRef = AB3D42631941F81200E22770 /* Images.xcassets */; };
		AB3D426B1941F81200E22770 /* XCTest.framework in Frameworks */ = {isa = PBXBuildFile; fileRef = AB3D426A1941F81200E22770 /* XCTest.framework */; };
		AB3D426C1941F81200E22770 /* Foundation.framework in Frameworks */ = {isa = PBXBuildFile; fileRef = AB3D424B1941F81200E22770 /* Foundation.framework */; };
		AB3D426D1941F81200E22770 /* UIKit.framework in Frameworks */ = {isa = PBXBuildFile; fileRef = AB3D424F1941F81200E22770 /* UIKit.framework */; };
		AB3D42751941F81200E22770 /* InfoPlist.strings in Resources */ = {isa = PBXBuildFile; fileRef = AB3D42731941F81200E22770 /* InfoPlist.strings */; };
		AB3D42771941F81200E22770 /* MansBestFriendTests.m in Sources */ = {isa = PBXBuildFile; fileRef = AB3D42761941F81200E22770 /* MansBestFriendTests.m */; };
/* End PBXBuildFile section */

/* Begin PBXContainerItemProxy section */
		AB3D426E1941F81200E22770 /* PBXContainerItemProxy */ = {
			isa = PBXContainerItemProxy;
			containerPortal = AB3D42401941F81200E22770 /* Project object */;
			proxyType = 1;
			remoteGlobalIDString = AB3D42471941F81200E22770;
			remoteInfo = MansBestFriend;
		};
/* End PBXContainerItemProxy section */

/* Begin PBXFileReference section */
		AB3D42481941F81200E22770 /* MansBestFriend.app */ = {isa = PBXFileReference; explicitFileType = wrapper.application; includeInIndex = 0; path = MansBestFriend.app; sourceTree = BUILT_PRODUCTS_DIR; };
		AB3D424B1941F81200E22770 /* Foundation.framework */ = {isa = PBXFileReference; lastKnownFileType = wrapper.framework; name = Foundation.framework; path = System/Library/Frameworks/Foundation.framework; sourceTree = SDKROOT; };
		AB3D424D1941F81200E22770 /* CoreGraphics.framework */ = {isa = PBXFileReference; lastKnownFileType = wrapper.framework; name = CoreGraphics.framework; path = System/Library/Frameworks/CoreGraphics.framework; sourceTree = SDKROOT; };
		AB3D424F1941F81200E22770 /* UIKit.framework */ = {isa = PBXFileReference; lastKnownFileType = wrapper.framework; name = UIKit.framework; path = System/Library/Frameworks/UIKit.framework; sourceTree = SDKROOT; };
		AB3D42531941F81200E22770 /* MansBestFriend-Info.plist */ = {isa = PBXFileReference; lastKnownFileType = text.plist.xml; path = "MansBestFriend-Info.plist"; sourceTree = "<group>"; };
		AB3D42551941F81200E22770 /* en */ = {isa = PBXFileReference; lastKnownFileType = text.plist.strings; name = en; path = en.lproj/InfoPlist.strings; sourceTree = "<group>"; };
		AB3D42571941F81200E22770 /* main.m */ = {isa = PBXFileReference; lastKnownFileType = sourcecode.c.objc; path = main.m; sourceTree = "<group>"; };
		AB3D42591941F81200E22770 /* MansBestFriend-Prefix.pch */ = {isa = PBXFileReference; lastKnownFileType = sourcecode.c.h; path = "MansBestFriend-Prefix.pch"; sourceTree = "<group>"; };
		AB3D425A1941F81200E22770 /* VJMBFAppDelegate.h */ = {isa = PBXFileReference; lastKnownFileType = sourcecode.c.h; path = VJMBFAppDelegate.h; sourceTree = "<group>"; };
		AB3D425B1941F81200E22770 /* VJMBFAppDelegate.m */ = {isa = PBXFileReference; lastKnownFileType = sourcecode.c.objc; path = VJMBFAppDelegate.m; sourceTree = "<group>"; };
		AB3D425E1941F81200E22770 /* Base */ = {isa = PBXFileReference; lastKnownFileType = file.storyboard; name = Base; path = Base.lproj/Main.storyboard; sourceTree = "<group>"; };
		AB3D42601941F81200E22770 /* VJMBFViewController.h */ = {isa = PBXFileReference; lastKnownFileType = sourcecode.c.h; path = VJMBFViewController.h; sourceTree = "<group>"; };
		AB3D42611941F81200E22770 /* VJMBFViewController.m */ = {isa = PBXFileReference; lastKnownFileType = sourcecode.c.objc; path = VJMBFViewController.m; sourceTree = "<group>"; };
		AB3D42631941F81200E22770 /* Images.xcassets */ = {isa = PBXFileReference; lastKnownFileType = folder.assetcatalog; path = Images.xcassets; sourceTree = "<group>"; };
		AB3D42691941F81200E22770 /* MansBestFriendTests.xctest */ = {isa = PBXFileReference; explicitFileType = wrapper.cfbundle; includeInIndex = 0; path = MansBestFriendTests.xctest; sourceTree = BUILT_PRODUCTS_DIR; };
		AB3D426A1941F81200E22770 /* XCTest.framework */ = {isa = PBXFileReference; lastKnownFileType = wrapper.framework; name = XCTest.framework; path = Library/Frameworks/XCTest.framework; sourceTree = DEVELOPER_DIR; };
		AB3D42721941F81200E22770 /* MansBestFriendTests-Info.plist */ = {isa = PBXFileReference; lastKnownFileType = text.plist.xml; path = "MansBestFriendTests-Info.plist"; sourceTree = "<group>"; };
		AB3D42741941F81200E22770 /* en */ = {isa = PBXFileReference; lastKnownFileType = text.plist.strings; name = en; path = en.lproj/InfoPlist.strings; sourceTree = "<group>"; };
		AB3D42761941F81200E22770 /* MansBestFriendTests.m */ = {isa = PBXFileReference; lastKnownFileType = sourcecode.c.objc; path = MansBestFriendTests.m; sourceTree = "<group>"; };
/* End PBXFileReference section */

/* Begin PBXFrameworksBuildPhase section */
		AB3D42451941F81200E22770 /* Frameworks */ = {
			isa = PBXFrameworksBuildPhase;
			buildActionMask = 2147483647;
			files = (
				AB3D424E1941F81200E22770 /* CoreGraphics.framework in Frameworks */,
				AB3D42501941F81200E22770 /* UIKit.framework in Frameworks */,
				AB3D424C1941F81200E22770 /* Foundation.framework in Frameworks */,
			);
			runOnlyForDeploymentPostprocessing = 0;
		};
		AB3D42661941F81200E22770 /* Frameworks */ = {
			isa = PBXFrameworksBuildPhase;
			buildActionMask = 2147483647;
			files = (
				AB3D426B1941F81200E22770 /* XCTest.framework in Frameworks */,
				AB3D426D1941F81200E22770 /* UIKit.framework in Frameworks */,
				AB3D426C1941F81200E22770 /* Foundation.framework in Frameworks */,
			);
			runOnlyForDeploymentPostprocessing = 0;
		};
/* End PBXFrameworksBuildPhase section */

/* Begin PBXGroup section */
		AB3D423F1941F81200E22770 = {
			isa = PBXGroup;
			children = (
				AB3D42511941F81200E22770 /* MansBestFriend */,
				AB3D42701941F81200E22770 /* MansBestFriendTests */,
				AB3D424A1941F81200E22770 /* Frameworks */,
				AB3D42491941F81200E22770 /* Products */,
			);
			sourceTree = "<group>";
		};
		AB3D42491941F81200E22770 /* Products */ = {
			isa = PBXGroup;
			children = (
				AB3D42481941F81200E22770 /* MansBestFriend.app */,
				AB3D42691941F81200E22770 /* MansBestFriendTests.xctest */,
			);
			name = Products;
			sourceTree = "<group>";
		};
		AB3D424A1941F81200E22770 /* Frameworks */ = {
			isa = PBXGroup;
			children = (
				AB3D424B1941F81200E22770 /* Foundation.framework */,
				AB3D424D1941F81200E22770 /* CoreGraphics.framework */,
				AB3D424F1941F81200E22770 /* UIKit.framework */,
				AB3D426A1941F81200E22770 /* XCTest.framework */,
			);
			name = Frameworks;
			sourceTree = "<group>";
		};
		AB3D42511941F81200E22770 /* MansBestFriend */ = {
			isa = PBXGroup;
			children = (
				AB3D425A1941F81200E22770 /* VJMBFAppDelegate.h */,
				AB3D425B1941F81200E22770 /* VJMBFAppDelegate.m */,
				AB3D425D1941F81200E22770 /* Main.storyboard */,
				AB3D42601941F81200E22770 /* VJMBFViewController.h */,
				AB3D42611941F81200E22770 /* VJMBFViewController.m */,
				AB3D42631941F81200E22770 /* Images.xcassets */,
				AB3D42521941F81200E22770 /* Supporting Files */,
			);
			path = MansBestFriend;
			sourceTree = "<group>";
		};
		AB3D42521941F81200E22770 /* Supporting Files */ = {
			isa = PBXGroup;
			children = (
				AB3D42531941F81200E22770 /* MansBestFriend-Info.plist */,
				AB3D42541941F81200E22770 /* InfoPlist.strings */,
				AB3D42571941F81200E22770 /* main.m */,
				AB3D42591941F81200E22770 /* MansBestFriend-Prefix.pch */,
			);
			name = "Supporting Files";
			sourceTree = "<group>";
		};
		AB3D42701941F81200E22770 /* MansBestFriendTests */ = {
			isa = PBXGroup;
			children = (
				AB3D42761941F81200E22770 /* MansBestFriendTests.m */,
				AB3D42711941F81200E22770 /* Supporting Files */,
			);
			path = MansBestFriendTests;
			sourceTree = "<group>";
		};
		AB3D42711941F81200E22770 /* Supporting Files */ = {
			isa = PBXGroup;
			children = (
				AB3D42721941F81200E22770 /* MansBestFriendTests-Info.plist */,
				AB3D42731941F81200E22770 /* InfoPlist.strings */,
			);
			name = "Supporting Files";
			sourceTree = "<group>";
		};
/* End PBXGroup section */

/* Begin PBXNativeTarget section */
		AB3D42471941F81200E22770 /* MansBestFriend */ = {
			isa = PBXNativeTarget;
			buildConfigurationList = AB3D427A1941F81200E22770 /* Build configuration list for PBXNativeTarget "MansBestFriend" */;
			buildPhases = (
				AB3D42441941F81200E22770 /* Sources */,
				AB3D42451941F81200E22770 /* Frameworks */,
				AB3D42461941F81200E22770 /* Resources */,
			);
			buildRules = (
			);
			dependencies = (
			);
			name = MansBestFriend;
			productName = MansBestFriend;
			productReference = AB3D42481941F81200E22770 /* MansBestFriend.app */;
			productType = "com.apple.product-type.application";
		};
		AB3D42681941F81200E22770 /* MansBestFriendTests */ = {
			isa = PBXNativeTarget;
			buildConfigurationList = AB3D427D1941F81200E22770 /* Build configuration list for PBXNativeTarget "MansBestFriendTests" */;
			buildPhases = (
				AB3D42651941F81200E22770 /* Sources */,
				AB3D42661941F81200E22770 /* Frameworks */,
				AB3D42671941F81200E22770 /* Resources */,
			);
			buildRules = (
			);
			dependencies = (
				AB3D426F1941F81200E22770 /* PBXTargetDependency */,
			);
			name = MansBestFriendTests;
			productName = MansBestFriendTests;
			productReference = AB3D42691941F81200E22770 /* MansBestFriendTests.xctest */;
			productType = "com.apple.product-type.bundle.unit-test";
		};
/* End PBXNativeTarget section */

/* Begin PBXProject section */
		AB3D42401941F81200E22770 /* Project object */ = {
			isa = PBXProject;
			attributes = {
				CLASSPREFIX = VJMBF;
				LastUpgradeCheck = 0510;
				ORGANIZATIONNAME = Vj;
				TargetAttributes = {
					AB3D42681941F81200E22770 = {
						TestTargetID = AB3D42471941F81200E22770;
					};
				};
			};
			buildConfigurationList = AB3D42431941F81200E22770 /* Build configuration list for PBXProject "MansBestFriend" */;
			compatibilityVersion = "Xcode 3.2";
			developmentRegion = English;
			hasScannedForEncodings = 0;
			knownRegions = (
				en,
				Base,
			);
			mainGroup = AB3D423F1941F81200E22770;
			productRefGroup = AB3D42491941F81200E22770 /* Products */;
			projectDirPath = "";
			projectRoot = "";
			targets = (
				AB3D42471941F81200E22770 /* MansBestFriend */,
				AB3D42681941F81200E22770 /* MansBestFriendTests */,
			);
		};
/* End PBXProject section */

/* Begin PBXResourcesBuildPhase section */
		AB3D42461941F81200E22770 /* Resources */ = {
			isa = PBXResourcesBuildPhase;
			buildActionMask = 2147483647;
			files = (
				AB3D42641941F81200E22770 /* Images.xcassets in Resources */,
				AB3D42561941F81200E22770 /* InfoPlist.strings in Resources */,
				AB3D425F1941F81200E22770 /* Main.storyboard in Resources */,
			);
			runOnlyForDeploymentPostprocessing = 0;
		};
		AB3D42671941F81200E22770 /* Resources */ = {
			isa = PBXResourcesBuildPhase;
			buildActionMask = 2147483647;
			files = (
				AB3D42751941F81200E22770 /* InfoPlist.strings in Resources */,
			);
			runOnlyForDeploymentPostprocessing = 0;
		};
/* End PBXResourcesBuildPhase section */

/* Begin PBXSourcesBuildPhase section */
		AB3D42441941F81200E22770 /* Sources */ = {
			isa = PBXSourcesBuildPhase;
			buildActionMask = 2147483647;
			files = (
				AB3D425C1941F81200E22770 /* VJMBFAppDelegate.m in Sources */,
				AB3D42581941F81200E22770 /* main.m in Sources */,
				AB3D42621941F81200E22770 /* VJMBFViewController.m in Sources */,
			);
			runOnlyForDeploymentPostprocessing = 0;
		};
		AB3D42651941F81200E22770 /* Sources */ = {
			isa = PBXSourcesBuildPhase;
			buildActionMask = 2147483647;
			files = (
				AB3D42771941F81200E22770 /* MansBestFriendTests.m in Sources */,
			);
			runOnlyForDeploymentPostprocessing = 0;
		};
/* End PBXSourcesBuildPhase section */

/* Begin PBXTargetDependency section */
		AB3D426F1941F81200E22770 /* PBXTargetDependency */ = {
			isa = PBXTargetDependency;
			target = AB3D42471941F81200E22770 /* MansBestFriend */;
			targetProxy = AB3D426E1941F81200E22770 /* PBXContainerItemProxy */;
		};
/* End PBXTargetDependency section */

/* Begin PBXVariantGroup section */
		AB3D42541941F81200E22770 /* InfoPlist.strings */ = {
			isa = PBXVariantGroup;
			children = (
				AB3D42551941F81200E22770 /* en */,
			);
			name = InfoPlist.strings;
			sourceTree = "<group>";
		};
		AB3D425D1941F81200E22770 /* Main.storyboard */ = {
			isa = PBXVariantGroup;
			children = (
				AB3D425E1941F81200E22770 /* Base */,
			);
			name = Main.storyboard;
			sourceTree = "<group>";
		};
		AB3D42731941F81200E22770 /* InfoPlist.strings */ = {
			isa = PBXVariantGroup;
			children = (
				AB3D42741941F81200E22770 /* en */,
			);
			name = InfoPlist.strings;
			sourceTree = "<group>";
		};
/* End PBXVariantGroup section */

/* Begin XCBuildConfiguration section */
		AB3D42781941F81200E22770 /* Debug */ = {
			isa = XCBuildConfiguration;
			buildSettings = {
				ALWAYS_SEARCH_USER_PATHS = NO;
				CLANG_CXX_LANGUAGE_STANDARD = "gnu++0x";
				CLANG_CXX_LIBRARY = "libc++";
				CLANG_ENABLE_MODULES = YES;
				CLANG_ENABLE_OBJC_ARC = YES;
				CLANG_WARN_BOOL_CONVERSION = YES;
				CLANG_WARN_CONSTANT_CONVERSION = YES;
				CLANG_WARN_DIRECT_OBJC_ISA_USAGE = YES_ERROR;
				CLANG_WARN_EMPTY_BODY = YES;
				CLANG_WARN_ENUM_CONVERSION = YES;
				CLANG_WARN_INT_CONVERSION = YES;
				CLANG_WARN_OBJC_ROOT_CLASS = YES_ERROR;
				CLANG_WARN__DUPLICATE_METHOD_MATCH = YES;
				"CODE_SIGN_IDENTITY[sdk=iphoneos*]" = "iPhone Developer";
				COPY_PHASE_STRIP = NO;
				GCC_C_LANGUAGE_STANDARD = gnu99;
				GCC_DYNAMIC_NO_PIC = NO;
				GCC_OPTIMIZATION_LEVEL = 0;
				GCC_PREPROCESSOR_DEFINITIONS = (
					"DEBUG=1",
					"$(inherited)",
				);
				GCC_SYMBOLS_PRIVATE_EXTERN = NO;
				GCC_WARN_64_TO_32_BIT_CONVERSION = YES;
				GCC_WARN_ABOUT_RETURN_TYPE = YES_ERROR;
				GCC_WARN_UNDECLARED_SELECTOR = YES;
				GCC_WARN_UNINITIALIZED_AUTOS = YES_AGGRESSIVE;
				GCC_WARN_UNUSED_FUNCTION = YES;
				GCC_WARN_UNUSED_VARIABLE = YES;
				IPHONEOS_DEPLOYMENT_TARGET = 7.1;
				ONLY_ACTIVE_ARCH = YES;
				SDKROOT = iphoneos;
			};
			name = Debug;
		};
		AB3D42791941F81200E22770 /* Release */ = {
			isa = XCBuildConfiguration;
			buildSettings = {
				ALWAYS_SEARCH_USER_PATHS = NO;
				CLANG_CXX_LANGUAGE_STANDARD = "gnu++0x";
				CLANG_CXX_LIBRARY = "libc++";
				CLANG_ENABLE_MODULES = YES;
				CLANG_ENABLE_OBJC_ARC = YES;
				CLANG_WARN_BOOL_CONVERSION = YES;
				CLANG_WARN_CONSTANT_CONVERSION = YES;
				CLANG_WARN_DIRECT_OBJC_ISA_USAGE = YES_ERROR;
				CLANG_WARN_EMPTY_BODY = YES;
				CLANG_WARN_ENUM_CONVERSION = YES;
				CLANG_WARN_INT_CONVERSION = YES;
				CLANG_WARN_OBJC_ROOT_CLASS = YES_ERROR;
				CLANG_WARN__DUPLICATE_METHOD_MATCH = YES;
				"CODE_SIGN_IDENTITY[sdk=iphoneos*]" = "iPhone Developer";
				COPY_PHASE_STRIP = YES;
				ENABLE_NS_ASSERTIONS = NO;
				GCC_C_LANGUAGE_STANDARD = gnu99;
				GCC_WARN_64_TO_32_BIT_CONVERSION = YES;
				GCC_WARN_ABOUT_RETURN_TYPE = YES_ERROR;
				GCC_WARN_UNDECLARED_SELECTOR = YES;
				GCC_WARN_UNINITIALIZED_AUTOS = YES_AGGRESSIVE;
				GCC_WARN_UNUSED_FUNCTION = YES;
				GCC_WARN_UNUSED_VARIABLE = YES;
				IPHONEOS_DEPLOYMENT_TARGET = 7.1;
				SDKROOT = iphoneos;
				VALIDATE_PRODUCT = YES;
			};
			name = Release;
		};
		AB3D427B1941F81200E22770 /* Debug */ = {
			isa = XCBuildConfiguration;
			buildSettings = {
				ASSETCATALOG_COMPILER_APPICON_NAME = AppIcon;
				ASSETCATALOG_COMPILER_LAUNCHIMAGE_NAME = LaunchImage;
				GCC_PRECOMPILE_PREFIX_HEADER = YES;
				GCC_PREFIX_HEADER = "MansBestFriend/MansBestFriend-Prefix.pch";
				INFOPLIST_FILE = "MansBestFriend/MansBestFriend-Info.plist";
				PRODUCT_NAME = "$(TARGET_NAME)";
				WRAPPER_EXTENSION = app;
			};
			name = Debug;
		};
		AB3D427C1941F81200E22770 /* Release */ = {
			isa = XCBuildConfiguration;
			buildSettings = {
				ASSETCATALOG_COMPILER_APPICON_NAME = AppIcon;
				ASSETCATALOG_COMPILER_LAUNCHIMAGE_NAME = LaunchImage;
				GCC_PRECOMPILE_PREFIX_HEADER = YES;
				GCC_PREFIX_HEADER = "MansBestFriend/MansBestFriend-Prefix.pch";
				INFOPLIST_FILE = "MansBestFriend/MansBestFriend-Info.plist";
				PRODUCT_NAME = "$(TARGET_NAME)";
				WRAPPER_EXTENSION = app;
			};
			name = Release;
		};
		AB3D427E1941F81200E22770 /* Debug */ = {
			isa = XCBuildConfiguration;
			buildSettings = {
				BUNDLE_LOADER = "$(BUILT_PRODUCTS_DIR)/MansBestFriend.app/MansBestFriend";
				FRAMEWORK_SEARCH_PATHS = (
					"$(SDKROOT)/Developer/Library/Frameworks",
					"$(inherited)",
					"$(DEVELOPER_FRAMEWORKS_DIR)",
				);
				GCC_PRECOMPILE_PREFIX_HEADER = YES;
				GCC_PREFIX_HEADER = "MansBestFriend/MansBestFriend-Prefix.pch";
				GCC_PREPROCESSOR_DEFINITIONS = (
					"DEBUG=1",
					"$(inherited)",
				);
				INFOPLIST_FILE = "MansBestFriendTests/MansBestFriendTests-Info.plist";
				PRODUCT_NAME = "$(TARGET_NAME)";
				TEST_HOST = "$(BUNDLE_LOADER)";
				WRAPPER_EXTENSION = xctest;
			};
			name = Debug;
		};
		AB3D427F1941F81200E22770 /* Release */ = {
			isa = XCBuildConfiguration;
			buildSettings = {
				BUNDLE_LOADER = "$(BUILT_PRODUCTS_DIR)/MansBestFriend.app/MansBestFriend";
				FRAMEWORK_SEARCH_PATHS = (
					"$(SDKROOT)/Developer/Library/Frameworks",
					"$(inherited)",
					"$(DEVELOPER_FRAMEWORKS_DIR)",
				);
				GCC_PRECOMPILE_PREFIX_HEADER = YES;
				GCC_PREFIX_HEADER = "MansBestFriend/MansBestFriend-Prefix.pch";
				INFOPLIST_FILE = "MansBestFriendTests/MansBestFriendTests-Info.plist";
				PRODUCT_NAME = "$(TARGET_NAME)";
				TEST_HOST = "$(BUNDLE_LOADER)";
				WRAPPER_EXTENSION = xctest;
			};
			name = Release;
		};
/* End XCBuildConfiguration section */

/* Begin XCConfigurationList section */
		AB3D42431941F81200E22770 /* Build configuration list for PBXProject "MansBestFriend" */ = {
			isa = XCConfigurationList;
			buildConfigurations = (
				AB3D42781941F81200E22770 /* Debug */,
				AB3D42791941F81200E22770 /* Release */,
			);
			defaultConfigurationIsVisible = 0;
			defaultConfigurationName = Release;
		};
		AB3D427A1941F81200E22770 /* Build configuration list for PBXNativeTarget "MansBestFriend" */ = {
			isa = XCConfigurationList;
			buildConfigurations = (
				AB3D427B1941F81200E22770 /* Debug */,
				AB3D427C1941F81200E22770 /* Release */,
			);
			defaultConfigurationIsVisible = 0;
		};
		AB3D427D1941F81200E22770 /* Build configuration list for PBXNativeTarget "MansBestFriendTests" */ = {
			isa = XCConfigurationList;
			buildConfigurations = (
				AB3D427E1941F81200E22770 /* Debug */,
				AB3D427F1941F81200E22770 /* Release */,
			);
			defaultConfigurationIsVisible = 0;
		};
/* End XCConfigurationList section */
	};
	rootObject = AB3D42401941F81200E22770 /* Project object */;
}
